
Microsoft Visual Studio Solution File, Format Version 12.00
# Visual Studio Version 16
VisualStudioVersion = 16.0.30406.217
MinimumVisualStudioVersion = 10.0.40219.1
Project("{FAE04EC0-301F-11D3-BF4B-00C04F79EFBC}") = "Ex-2-WebApi", "Ex-2-WebApi\Ex-2-WebApi.csproj", "{9ACCFCFF-0926-47C1-A72D-D2E340CBB0A4}"
EndProject
Global
	GlobalSection(SolutionConfigurationPlatforms) = preSolution
		Debug|Any CPU = Debug|Any CPU
		Release|Any CPU = Release|Any CPU
	EndGlobalSection
	GlobalSection(ProjectConfigurationPlatforms) = postSolution
		{9ACCFCFF-0926-47C1-A72D-D2E340CBB0A4}.Debug|Any CPU.ActiveCfg = Debug|Any CPU
		{9ACCFCFF-0926-47C1-A72D-D2E340CBB0A4}.Debug|Any CPU.Build.0 = Debug|Any CPU
		{9ACCFCFF-0926-47C1-A72D-D2E340CBB0A4}.Release|Any CPU.ActiveCfg = Release|Any CPU
		{9ACCFCFF-0926-47C1-A72D-D2E340CBB0A4}.Release|Any CPU.Build.0 = Release|Any CPU
	EndGlobalSection
	GlobalSection(SolutionProperties) = preSolution
		HideSolutionNode = FALSE
	EndGlobalSection
	GlobalSection(ExtensibilityGlobals) = postSolution
		SolutionGuid = {4585DD65-AB7B-4000-8B1C-89334AA39300}
	EndGlobalSection
EndGlobal
